
Microsoft Visual Studio Solution File, Format Version 12.00
# Visual Studio 15
VisualStudioVersion = 15.0.28010.2026
MinimumVisualStudioVersion = 10.0.40219.1
Project("{FAE04EC0-301F-11D3-BF4B-00C04F79EFBC}") = "UnitConverter.Library", "UnitConverter.Library\UnitConverter.Library.csproj", "{94479735-3A26-4093-962F-8A8EA9CAE66C}"
EndProject
Project("{FAE04EC0-301F-11D3-BF4B-00C04F79EFBC}") = "UnitConverter.Test", "UnitConverter.Test\UnitConverter.Test.csproj", "{699A11B0-086C-43A4-8C3B-863D633494F1}"
EndProject
Global
	GlobalSection(SolutionConfigurationPlatforms) = preSolution
		Debug|Any CPU = Debug|Any CPU
		Release|Any CPU = Release|Any CPU
	EndGlobalSection
	GlobalSection(ProjectConfigurationPlatforms) = postSolution
		{94479735-3A26-4093-962F-8A8EA9CAE66C}.Debug|Any CPU.ActiveCfg = Debug|Any CPU
		{94479735-3A26-4093-962F-8A8EA9CAE66C}.Debug|Any CPU.Build.0 = Debug|Any CPU
		{94479735-3A26-4093-962F-8A8EA9CAE66C}.Release|Any CPU.ActiveCfg = Release|Any CPU
		{94479735-3A26-4093-962F-8A8EA9CAE66C}.Release|Any CPU.Build.0 = Release|Any CPU
		{699A11B0-086C-43A4-8C3B-863D633494F1}.Debug|Any CPU.ActiveCfg = Debug|Any CPU
		{699A11B0-086C-43A4-8C3B-863D633494F1}.Debug|Any CPU.Build.0 = Debug|Any CPU
		{699A11B0-086C-43A4-8C3B-863D633494F1}.Release|Any CPU.ActiveCfg = Release|Any CPU
		{699A11B0-086C-43A4-8C3B-863D633494F1}.Release|Any CPU.Build.0 = Release|Any CPU
	EndGlobalSection
	GlobalSection(SolutionProperties) = preSolution
		HideSolutionNode = FALSE
	EndGlobalSection
	GlobalSection(ExtensibilityGlobals) = postSolution
		SolutionGuid = {A4EF4A27-5522-4CDB-A4EF-206368BCDD95}
	EndGlobalSection
EndGlobal
