
Microsoft Visual Studio Solution File, Format Version 12.00
# Visual Studio Version 16
VisualStudioVersion = 16.0.29102.190
MinimumVisualStudioVersion = 10.0.40219.1
Project("{FAE04EC0-301F-11D3-BF4B-00C04F79EFBC}") = "MyTextBox", "MyTextBox\MyTextBox.csproj", "{A81B7048-047F-4E55-B1E7-ACFD76EDEEF0}"
EndProject
Global
	GlobalSection(SolutionConfigurationPlatforms) = preSolution
		Debug|Any CPU = Debug|Any CPU
		Release|Any CPU = Release|Any CPU
	EndGlobalSection
	GlobalSection(ProjectConfigurationPlatforms) = postSolution
		{A81B7048-047F-4E55-B1E7-ACFD76EDEEF0}.Debug|Any CPU.ActiveCfg = Debug|Any CPU
		{A81B7048-047F-4E55-B1E7-ACFD76EDEEF0}.Debug|Any CPU.Build.0 = Debug|Any CPU
		{A81B7048-047F-4E55-B1E7-ACFD76EDEEF0}.Release|Any CPU.ActiveCfg = Release|Any CPU
		{A81B7048-047F-4E55-B1E7-ACFD76EDEEF0}.Release|Any CPU.Build.0 = Release|Any CPU
	EndGlobalSection
	GlobalSection(SolutionProperties) = preSolution
		HideSolutionNode = FALSE
	EndGlobalSection
	GlobalSection(ExtensibilityGlobals) = postSolution
		SolutionGuid = {A8871A53-A2D3-4A75-9573-4F464E753811}
	EndGlobalSection
EndGlobal
