
Microsoft Visual Studio Solution File, Format Version 12.00
# Visual Studio 15
VisualStudioVersion = 15.0.28307.438
MinimumVisualStudioVersion = 10.0.40219.1
Project("{FAE04EC0-301F-11D3-BF4B-00C04F79EFBC}") = "RegexOrnegi", "RegexOrnegi\RegexOrnegi.csproj", "{543A8684-8044-4911-9821-7393B0F3D486}"
EndProject
Global
	GlobalSection(SolutionConfigurationPlatforms) = preSolution
		Debug|Any CPU = Debug|Any CPU
		Release|Any CPU = Release|Any CPU
	EndGlobalSection
	GlobalSection(ProjectConfigurationPlatforms) = postSolution
		{543A8684-8044-4911-9821-7393B0F3D486}.Debug|Any CPU.ActiveCfg = Debug|Any CPU
		{543A8684-8044-4911-9821-7393B0F3D486}.Debug|Any CPU.Build.0 = Debug|Any CPU
		{543A8684-8044-4911-9821-7393B0F3D486}.Release|Any CPU.ActiveCfg = Release|Any CPU
		{543A8684-8044-4911-9821-7393B0F3D486}.Release|Any CPU.Build.0 = Release|Any CPU
	EndGlobalSection
	GlobalSection(SolutionProperties) = preSolution
		HideSolutionNode = FALSE
	EndGlobalSection
	GlobalSection(ExtensibilityGlobals) = postSolution
		SolutionGuid = {7D7D4B69-8E4E-413D-BB1E-B134F8BA0184}
	EndGlobalSection
EndGlobal
