
Microsoft Visual Studio Solution File, Format Version 12.00
# Visual Studio 15
VisualStudioVersion = 15.0.28010.2026
MinimumVisualStudioVersion = 10.0.40219.1
Project("{FAE04EC0-301F-11D3-BF4B-00C04F79EFBC}") = "DecimalListViewFormatting", "DecimalListViewFormatting\DecimalListViewFormatting.csproj", "{C84D2BDF-05AC-409A-ADE0-A04411CDD3EE}"
EndProject
Global
	GlobalSection(SolutionConfigurationPlatforms) = preSolution
		Debug|Any CPU = Debug|Any CPU
		Release|Any CPU = Release|Any CPU
	EndGlobalSection
	GlobalSection(ProjectConfigurationPlatforms) = postSolution
		{C84D2BDF-05AC-409A-ADE0-A04411CDD3EE}.Debug|Any CPU.ActiveCfg = Debug|Any CPU
		{C84D2BDF-05AC-409A-ADE0-A04411CDD3EE}.Debug|Any CPU.Build.0 = Debug|Any CPU
		{C84D2BDF-05AC-409A-ADE0-A04411CDD3EE}.Release|Any CPU.ActiveCfg = Release|Any CPU
		{C84D2BDF-05AC-409A-ADE0-A04411CDD3EE}.Release|Any CPU.Build.0 = Release|Any CPU
	EndGlobalSection
	GlobalSection(SolutionProperties) = preSolution
		HideSolutionNode = FALSE
	EndGlobalSection
	GlobalSection(ExtensibilityGlobals) = postSolution
		SolutionGuid = {86FC09DC-B0EF-4814-95AB-3CD4A72DC7A4}
	EndGlobalSection
EndGlobal
